
Microsoft Visual Studio Solution File, Format Version 12.00
# Visual Studio Version 17
VisualStudioVersion = 17.14.36310.24
MinimumVisualStudioVersion = 10.0.40219.1
Project("{FAE04EC0-301F-11D3-BF4B-00C04F79EFBC}") = "Money.HttpApi.Host", "src\Money.HttpApi.Host\Money.HttpApi.Host.csproj", "{13A48CB2-6FED-4478-91E4-A6DCC2A6AC53}"
EndProject
Global
	GlobalSection(SolutionConfigurationPlatforms) = preSolution
		Debug|Any CPU = Debug|Any CPU
		Release|Any CPU = Release|Any CPU
	EndGlobalSection
	GlobalSection(ProjectConfigurationPlatforms) = postSolution
		{13A48CB2-6FED-4478-91E4-A6DCC2A6AC53}.Debug|Any CPU.ActiveCfg = Debug|Any CPU
		{13A48CB2-6FED-4478-91E4-A6DCC2A6AC53}.Debug|Any CPU.Build.0 = Debug|Any CPU
		{13A48CB2-6FED-4478-91E4-A6DCC2A6AC53}.Release|Any CPU.ActiveCfg = Release|Any CPU
		{13A48CB2-6FED-4478-91E4-A6DCC2A6AC53}.Release|Any CPU.Build.0 = Release|Any CPU
	EndGlobalSection
	GlobalSection(SolutionProperties) = preSolution
		HideSolutionNode = FALSE
	EndGlobalSection
	GlobalSection(ExtensibilityGlobals) = postSolution
		SolutionGuid = {F2702046-2617-4DFE-B856-30F82DFC7725}
	EndGlobalSection
EndGlobal
